
Microsoft Visual Studio Solution File, Format Version 12.00
# Visual Studio Version 17
VisualStudioVersion = 17.14.37027.9 d17.14
MinimumVisualStudioVersion = 10.0.40219.1
Project("{FAE04EC0-301F-11D3-BF4B-00C04F79EFBC}") = "Bifrost.DBManager", "Framework\Bifrost.DBManager\Bifrost.DBManager.csproj", "{CB33D5F2-130A-4D5C-B6E5-EE7D09F58752}"
EndProject
Project("{FAE04EC0-301F-11D3-BF4B-00C04F79EFBC}") = "Bifrost.Common", "D:\DevSource\Framework\Bifrost.Common\Bifrost.Common.csproj", "{D2C20D37-7428-4E7B-96EC-E29363D42FB1}"
EndProject
Project("{FAE04EC0-301F-11D3-BF4B-00C04F79EFBC}") = "Bifrost.Data", "D:\DevSource\Framework\Bifrost.Data\Bifrost.Data.csproj", "{134409DE-C540-4D57-8986-FE32486143BF}"
EndProject
Project("{FAE04EC0-301F-11D3-BF4B-00C04F79EFBC}") = "Bifrost.System", "D:\DevSource\Framework\Bifrost.System\Bifrost.System.csproj", "{C4C6C161-4EEF-4F9B-84F5-49327450EA18}"
EndProject
Project("{FAE04EC0-301F-11D3-BF4B-00C04F79EFBC}") = "Bifrost.Win", "D:\DevSource\Framework\Bifrost.Win\Bifrost.Win.csproj", "{3A8CAE9D-3C7E-4223-93CE-E3729992709D}"
EndProject
Project("{FAE04EC0-301F-11D3-BF4B-00C04F79EFBC}") = "Bifrost.Win.Controls", "D:\DevSource\Framework\Bifrost.Win.Controls\Bifrost.Win.Controls.csproj", "{2376F735-CB13-42CE-97B4-04CD279D7369}"
EndProject
Project("{FAE04EC0-301F-11D3-BF4B-00C04F79EFBC}") = "Bifrost.CommonPopup", "Framework\Bifrost.CommonPopup\Bifrost.CommonPopup.csproj", "{DBD9987E-23EC-4CC5-9462-21E122A0DEDE}"
EndProject
Project("{FAE04EC0-301F-11D3-BF4B-00C04F79EFBC}") = "Bifrost.Helper", "Framework\Bifrost.Helper\Bifrost.Helper.csproj", "{1CC7FF58-D260-46AC-932A-ED313AAA4230}"
EndProject
Project("{FAE04EC0-301F-11D3-BF4B-00C04F79EFBC}") = "Bifrost.Office", "Framework\Bifrost.Office\Bifrost.Office.csproj", "{91832ECD-202C-4422-85A4-29C1746DAD58}"
EndProject
Project("{FAE04EC0-301F-11D3-BF4B-00C04F79EFBC}") = "Bifrost.Adv.Controls", "Framework\Bifrost.Adv.Controls\Bifrost.Adv.Controls.csproj", "{0299D239-A227-481E-9278-535230DB40D8}"
EndProject
Project("{2150E333-8FDC-42A3-9474-1A3956D46DE8}") = "ExecuteProgram", "ExecuteProgram", "{7D6BFBCB-39AA-47E0-A69A-59917DE225B1}"
EndProject
Project("{FAE04EC0-301F-11D3-BF4B-00C04F79EFBC}") = "Bifrost.FileTransfer.Client", "Framework\Bifrost.FileTransfer.Client\Bifrost.FileTransfer.Client.csproj", "{B359E13A-BDD0-4A6D-AA2A-3DF25E9C3217}"
EndProject
Project("{FAE04EC0-301F-11D3-BF4B-00C04F79EFBC}") = "Bifrost.FileTransfer.Server", "Framework\Bifrost.FileTransfer.Server\Bifrost.FileTransfer.Server.csproj", "{E4B5F35C-E0FC-42FD-B698-241C637B5103}"
EndProject
Project("{FAE04EC0-301F-11D3-BF4B-00C04F79EFBC}") = "Ether", "ExecuteProgram\Ether\Ether.csproj", "{7AC20BEE-1847-40CB-94A7-AE9DC45A990D}"
EndProject
Project("{2150E333-8FDC-42A3-9474-1A3956D46DE8}") = "POS", "POS", "{013473AF-C288-4484-B588-D8D3D60DCC22}"
EndProject
Project("{FAE04EC0-301F-11D3-BF4B-00C04F79EFBC}") = "M_POS_SALE", "POS\M_POS_SALE\M_POS_SALE.csproj", "{87319A69-6DC7-418E-943F-884984D31B99}"
EndProject
Project("{FAE04EC0-301F-11D3-BF4B-00C04F79EFBC}") = "M_POS_PRINT", "POS\M_POS_PRINT\M_POS_PRINT.csproj", "{42D30FC2-F8FA-4804-825F-234B01AE7C7F}"
EndProject
Project("{FAE04EC0-301F-11D3-BF4B-00C04F79EFBC}") = "M_POS_NONPAID_SEARCH", "POS\M_POS_NONPAID_SEARCH\M_POS_NONPAID_SEARCH.csproj", "{B99E45DD-ACF2-4D25-AB73-7B464E3234AD}"
EndProject
Project("{FAE04EC0-301F-11D3-BF4B-00C04F79EFBC}") = "M_POS_ITEM", "POS\M_POS_ITEM\M_POS_ITEM.csproj", "{746894FF-57F0-44F4-A8A0-E03895CA7F5B}"
EndProject
Project("{FAE04EC0-301F-11D3-BF4B-00C04F79EFBC}") = "M_POS_CUST", "POS\M_POS_CUST\M_POS_CUST.csproj", "{34A0B278-48D6-4FF1-8E99-B9DD4769D68C}"
EndProject
Project("{FAE04EC0-301F-11D3-BF4B-00C04F79EFBC}") = "M_POS_CONTENTS_POSITION", "POS\M_POS_CONTENTS_POSITION\M_POS_CONTENTS_POSITION.csproj", "{596CEC28-F9DF-4817-81D0-40B8C772B03D}"
EndProject
Project("{FAE04EC0-301F-11D3-BF4B-00C04F79EFBC}") = "M_POS_CODE", "POS\M_POS_CODE\M_POS_CODE.csproj", "{32C12248-A7A6-44C3-9B4F-8A1E9B46CBE0}"
EndProject
Project("{FAE04EC0-301F-11D3-BF4B-00C04F79EFBC}") = "Bifrost.POSPopup", "Framework\Bifrost.POSPopup\Bifrost.POSPopup.csproj", "{9BD67594-69A9-46D7-9F48-70D7D95DD95A}"
EndProject
Project("{FAE04EC0-301F-11D3-BF4B-00C04F79EFBC}") = "Bifrost.SY.BSL.SYS", "Framework\Bifrost.SY.BSL.SYS\Bifrost.SY.BSL.SYS.csproj", "{464F7635-F60B-4450-9785-FA7289706F86}"
EndProject
Project("{FAE04EC0-301F-11D3-BF4B-00C04F79EFBC}") = "Bifrost.SY.DSL.SYS", "Framework\Bifrost.SY.DSL.SYS\Bifrost.SY.DSL.SYS.csproj", "{1CBC43D7-F35B-41C0-BC69-32BE41385FAD}"
EndProject
Project("{FAE04EC0-301F-11D3-BF4B-00C04F79EFBC}") = "Bifrost.Framework.BSLBase", "Framework\Bifrost.Framework.BSLBase\Bifrost.Framework.BSLBase.csproj", "{D3425675-579E-4F3A-BFED-5A85CF24613F}"
EndProject
Project("{FAE04EC0-301F-11D3-BF4B-00C04F79EFBC}") = "Bifrost.Framework.DSLBase", "Framework\Bifrost.Framework.DSLBase\Bifrost.Framework.DSLBase.csproj", "{3C770B44-EA80-4D0E-83DE-B28F06D24CB8}"
EndProject
Project("{FAE04EC0-301F-11D3-BF4B-00C04F79EFBC}") = "AppStarter", "ExecuteProgram\AppStarter\AppStarter.csproj", "{9AFF1210-6DD5-4E2E-9D50-329DDB1D1A8A}"
EndProject
Project("{FAE04EC0-301F-11D3-BF4B-00C04F79EFBC}") = "M_POS_STORE", "POS\M_POS_STORE\M_POS_STORE.csproj", "{CC8D6BD6-6B6C-4265-B50F-0ADD5BC7E856}"
EndProject
Project("{FAE04EC0-301F-11D3-BF4B-00C04F79EFBC}") = "M_POS_MENU", "POS\M_POS_MENU\M_POS_MENU.csproj", "{4D7A29C4-AFEA-444B-8D5E-70E1404ABA88}"
EndProject
Project("{FAE04EC0-301F-11D3-BF4B-00C04F79EFBC}") = "M_POS_ITEMTYPE", "POS\M_POS_ITEMTYPE\M_POS_ITEMTYPE.csproj", "{7EAD9D11-699D-425A-AC0D-872A78D1CC27}"
EndProject
Project("{FAE04EC0-301F-11D3-BF4B-00C04F79EFBC}") = "M_POS_SO_SEARCH01", "POS\M_POS_SO_SEARCH01\M_POS_SO_SEARCH01.csproj", "{1633E1AB-974C-4A4F-8DC6-21928FAC0DA4}"
EndProject
Project("{FAE04EC0-301F-11D3-BF4B-00C04F79EFBC}") = "M_POS_PRINT_CONFIG", "POS\M_POS_PRINT_CONFIG\M_POS_PRINT_CONFIG.csproj", "{F6E8DC48-C3F2-4034-ABA3-6D4D1FB86FF5}"
EndProject
Project("{FAE04EC0-301F-11D3-BF4B-00C04F79EFBC}") = "M_POS_CLS_SEARCH", "POS\M_POS_CLS_SEARCH\M_POS_CLS_SEARCH.csproj", "{6FF4D9AC-EBD6-4FD9-85C8-AA3BFE06917D}"
EndProject
Project("{FAE04EC0-301F-11D3-BF4B-00C04F79EFBC}") = "ReportDesigner", "ExecuteProgram\ReportDesigner\ReportDesigner.csproj", "{E8C36CCA-AF54-4392-9C9D-D51DA3E6B19A}"
EndProject
Project("{FAE04EC0-301F-11D3-BF4B-00C04F79EFBC}") = "M_POS_ITEM_SALE_SEARCH01", "POS\M_POS_ITEM_SALE_SEARCH01\M_POS_ITEM_SALE_SEARCH01.csproj", "{23B7B9DA-0B39-470E-A490-A54C6DBDFB45}"
EndProject
Project("{FAE04EC0-301F-11D3-BF4B-00C04F79EFBC}") = "M_POS_OLD01", "POS\M_POS_OLD01\M_POS_OLD01.csproj", "{7D0541BA-A7C2-42BF-9E30-31776A8C155C}"
EndProject
Project("{FAE04EC0-301F-11D3-BF4B-00C04F79EFBC}") = "M_POS_OLD02", "POS\M_POS_OLD02\M_POS_OLD02.csproj", "{9DB95D23-F0E3-491E-8E40-3ABB6DAFB925}"
EndProject
Project("{FAE04EC0-301F-11D3-BF4B-00C04F79EFBC}") = "Bifrost.Grid", "Framework\Bifrost.Grid\Bifrost.Grid.csproj", "{804EFD3A-11FC-4352-BDFD-670BDD4A9767}"
EndProject
Project("{FAE04EC0-301F-11D3-BF4B-00C04F79EFBC}") = "M_POS_PURCHASE", "POS\M_POS_PURCHASE\M_POS_PURCHASE.csproj", "{AA228E5C-F1DE-4EB9-B7C5-7C269802477E}"
EndProject
Project("{FAE04EC0-301F-11D3-BF4B-00C04F79EFBC}") = "M_POS_NONPAID_SEARCH_PO", "POS\M_POS_NONPAID_SEARCH_PO\M_POS_NONPAID_SEARCH_PO.csproj", "{9F2ECD6C-BDB1-4D49-8A91-8AF386021E56}"
EndProject
Project("{FAE04EC0-301F-11D3-BF4B-00C04F79EFBC}") = "M_POS_PO_SEARCH01", "POS\M_POS_PO_SEARCH01\M_POS_PO_SEARCH01.csproj", "{B19AF7B5-A215-4B6C-BB8D-923671ECF8CC}"
EndProject
Project("{FAE04EC0-301F-11D3-BF4B-00C04F79EFBC}") = "M_POS_ITEM_PURCHASE_SEARCH01", "POS\M_POS_ITEM_PURCHASE_SEARCH01\M_POS_ITEM_PURCHASE_SEARCH01.csproj", "{12D4AE73-6EE3-45B4-B077-8B8EADD5B24D}"
EndProject
Project("{FAE04EC0-301F-11D3-BF4B-00C04F79EFBC}") = "M_POS_PURCHASE_SEARCH", "POS\M_POS_PURCHASE_SEARCH\M_POS_PURCHASE_SEARCH.csproj", "{1B8B9A8D-E84B-44F7-AC69-37E926248EE1}"
EndProject
Project("{FAE04EC0-301F-11D3-BF4B-00C04F79EFBC}") = "M_POS_BILL_SEARCH", "POS\M_POS_BILL_SEARCH\M_POS_BILL_SEARCH.csproj", "{60D8B937-F246-448C-9641-43DBAA7010AC}"
EndProject
Project("{FAE04EC0-301F-11D3-BF4B-00C04F79EFBC}") = "M_POS_OLD03", "POS\M_POS_OLD03\M_POS_OLD03.csproj", "{6DB197D6-37EA-44AE-BABD-187B47DCA30E}"
EndProject
Project("{FAE04EC0-301F-11D3-BF4B-00C04F79EFBC}") = "M_POS_INV_OPEN", "POS\M_POS_INV_OPEN\M_POS_INV_OPEN.csproj", "{0387CD42-9FD6-4231-AEAD-12F231918407}"
EndProject
Project("{FAE04EC0-301F-11D3-BF4B-00C04F79EFBC}") = "M_POS_INV_SEARCH", "POS\M_POS_INV_SEARCH\M_POS_INV_SEARCH.csproj", "{582B8C0E-CEB5-49D8-B333-68A6BAE5F2EE}"
EndProject
Project("{FAE04EC0-301F-11D3-BF4B-00C04F79EFBC}") = "M_POS_INV_SUM", "POS\M_POS_INV_SUM\M_POS_INV_SUM.csproj", "{E9518B10-0266-4CE0-9B18-985B07CF8CF6}"
EndProject
Project("{FAE04EC0-301F-11D3-BF4B-00C04F79EFBC}") = "M_POS_PROFIT_SEARCH", "POS\M_POS_PROFIT_SEARCH\M_POS_PROFIT_SEARCH.csproj", "{EB54CB90-33A2-4C19-B142-AE91CA9CD221}"
EndProject
Project("{FAE04EC0-301F-11D3-BF4B-00C04F79EFBC}") = "M_POS_OLD53", "POS\M_POS_OLD53\M_POS_OLD53.csproj", "{EA4FB9B1-30A3-4BE6-9EBE-3D79528A7F06}"
EndProject
Project("{FAE04EC0-301F-11D3-BF4B-00C04F79EFBC}") = "M_POS_OLD51", "POS\M_POS_OLD51\M_POS_OLD51.csproj", "{7BB97D78-3197-41E7-8990-D332EFE33D89}"
EndProject
Project("{FAE04EC0-301F-11D3-BF4B-00C04F79EFBC}") = "M_POS_OLD52", "POS\M_POS_OLD52\M_POS_OLD52.csproj", "{3D5C0E95-EA05-4950-A5DE-844E2150B20A}"
EndProject
Project("{FAE04EC0-301F-11D3-BF4B-00C04F79EFBC}") = "M_POS_ITEMUNIT", "POS\M_POS_ITEMUNIT\M_POS_ITEMUNIT.csproj", "{36425D22-29FD-47D5-878E-B686C557D903}"
EndProject
Project("{FAE04EC0-301F-11D3-BF4B-00C04F79EFBC}") = "Jarvis", "ExecuteProgram\Jarvis\Jarvis.csproj", "{F54FA452-55A8-472D-A029-944FBADE80B0}"
EndProject
Project("{2150E333-8FDC-42A3-9474-1A3956D46DE8}") = "MAS", "MAS", "{774DF56E-4A94-4A8C-8E29-56556C00B496}"
EndProject
Project("{2150E333-8FDC-42A3-9474-1A3956D46DE8}") = "SYS", "SYS", "{FB69841E-161A-4513-BA38-08F72DE15535}"
EndProject
Project("{FAE04EC0-301F-11D3-BF4B-00C04F79EFBC}") = "M_SYS_CONFIG", "SYS\M_SYS_CONFIG\M_SYS_CONFIG.csproj", "{68D0C200-7320-45D7-AF43-756877B8FCB8}"
EndProject
Project("{FAE04EC0-301F-11D3-BF4B-00C04F79EFBC}") = "M_MAS_CODE", "MAS\M_MAS_CODE\M_MAS_CODE.csproj", "{1E369E97-862C-4AC5-BC1C-752ADD3F8CAB}"
EndProject
Project("{FAE04EC0-301F-11D3-BF4B-00C04F79EFBC}") = "M_MAS_STORE_MANAGE", "MAS\M_MAS_STORE_MANAGE\M_MAS_STORE_MANAGE.csproj", "{9A5DE3CA-A2E5-42F7-8615-B8CE1331B0BB}"
EndProject
Project("{FAE04EC0-301F-11D3-BF4B-00C04F79EFBC}") = "M_MAS_EMP", "MAS\M_MAS_EMP\M_MAS_EMP.csproj", "{EE291246-1591-4787-B400-855DC0302AA4}"
EndProject
Project("{FAE04EC0-301F-11D3-BF4B-00C04F79EFBC}") = "M_SYS_USER", "SYS\M_SYS_USER\M_SYS_USER.csproj", "{B6038789-ACE6-4438-9666-F600FCDEFF0F}"
EndProject
Project("{FAE04EC0-301F-11D3-BF4B-00C04F79EFBC}") = "M_POS_SALE_RECEIPT", "POS\M_POS_SALE_RECEIPT\M_POS_SALE_RECEIPT.csproj", "{3934A35C-9B57-45E4-A577-01B4064FAC8E}"
EndProject
Project("{FAE04EC0-301F-11D3-BF4B-00C04F79EFBC}") = "M_MAS_STORE_MIGRATION", "MAS\M_MAS_STORE_MIGRATION\M_MAS_STORE_MIGRATION.csproj", "{617B5A82-159F-4101-89E5-D0E3B5BFF069}"
EndProject
Project("{FAE04EC0-301F-11D3-BF4B-00C04F79EFBC}") = "M_POS_OLD_SALE", "POS\M_POS_OLD_SALE\M_POS_OLD_SALE.csproj", "{9D90AA3E-28F5-4035-A5A0-84010343BEBE}"
EndProject
Project("{FAE04EC0-301F-11D3-BF4B-00C04F79EFBC}") = "M_POS_OLD04", "POS\M_POS_OLD04\M_POS_OLD04.csproj", "{E480D1B6-B4BC-4468-BF2C-314C0DCFBC67}"
EndProject
Project("{FAE04EC0-301F-11D3-BF4B-00C04F79EFBC}") = "M_POS_OLD54", "POS\M_POS_OLD54\M_POS_OLD54.csproj", "{75D84FB4-C22D-470D-B212-3A7D82C838E8}"
EndProject
Project("{FAE04EC0-301F-11D3-BF4B-00C04F79EFBC}") = "M_POS_SALE_SEARCH02", "POS\M_POS_SALE_SEARCH02\M_POS_SALE_SEARCH02.csproj", "{9152E32C-FB04-4B00-9591-967FF7CEE422}"
EndProject
Project("{FAE04EC0-301F-11D3-BF4B-00C04F79EFBC}") = "M_POS_SALE_SEARCH01", "POS\M_POS_SALE_SEARCH01\M_POS_SALE_SEARCH01.csproj", "{364B9061-33D4-4180-AE6F-BBFB9C3BE08F}"
EndProject
Project("{FAE04EC0-301F-11D3-BF4B-00C04F79EFBC}") = "M_POS_PURCHASE_SEARCH02", "POS\M_POS_PURCHASE_SEARCH02\M_POS_PURCHASE_SEARCH02.csproj", "{D373DC70-37CB-4F5A-9D36-1F3E0075E150}"
EndProject
Project("{FAE04EC0-301F-11D3-BF4B-00C04F79EFBC}") = "M_MAS_NOTICE", "MAS\M_MAS_NOTICE\M_MAS_NOTICE.csproj", "{AB3B9DB8-D5EA-4AD6-B8D0-0FE72A68FEC1}"
EndProject
Global
	GlobalSection(SolutionConfigurationPlatforms) = preSolution
		Debug|Any CPU = Debug|Any CPU
		Release|Any CPU = Release|Any CPU
	EndGlobalSection
	GlobalSection(ProjectConfigurationPlatforms) = postSolution
		{CB33D5F2-130A-4D5C-B6E5-EE7D09F58752}.Debug|Any CPU.ActiveCfg = Debug|Any CPU
		{CB33D5F2-130A-4D5C-B6E5-EE7D09F58752}.Debug|Any CPU.Build.0 = Debug|Any CPU
		{CB33D5F2-130A-4D5C-B6E5-EE7D09F58752}.Release|Any CPU.ActiveCfg = Release|Any CPU
		{CB33D5F2-130A-4D5C-B6E5-EE7D09F58752}.Release|Any CPU.Build.0 = Release|Any CPU
		{D2C20D37-7428-4E7B-96EC-E29363D42FB1}.Debug|Any CPU.ActiveCfg = Debug|Any CPU
		{D2C20D37-7428-4E7B-96EC-E29363D42FB1}.Debug|Any CPU.Build.0 = Debug|Any CPU
		{D2C20D37-7428-4E7B-96EC-E29363D42FB1}.Release|Any CPU.ActiveCfg = Release|Any CPU
		{D2C20D37-7428-4E7B-96EC-E29363D42FB1}.Release|Any CPU.Build.0 = Release|Any CPU
		{134409DE-C540-4D57-8986-FE32486143BF}.Debug|Any CPU.ActiveCfg = Debug|Any CPU
		{134409DE-C540-4D57-8986-FE32486143BF}.Debug|Any CPU.Build.0 = Debug|Any CPU
		{134409DE-C540-4D57-8986-FE32486143BF}.Release|Any CPU.ActiveCfg = Release|Any CPU
		{134409DE-C540-4D57-8986-FE32486143BF}.Release|Any CPU.Build.0 = Release|Any CPU
		{C4C6C161-4EEF-4F9B-84F5-49327450EA18}.Debug|Any CPU.ActiveCfg = Debug|Any CPU
		{C4C6C161-4EEF-4F9B-84F5-49327450EA18}.Debug|Any CPU.Build.0 = Debug|Any CPU
		{C4C6C161-4EEF-4F9B-84F5-49327450EA18}.Release|Any CPU.ActiveCfg = Release|Any CPU
		{C4C6C161-4EEF-4F9B-84F5-49327450EA18}.Release|Any CPU.Build.0 = Release|Any CPU
		{3A8CAE9D-3C7E-4223-93CE-E3729992709D}.Debug|Any CPU.ActiveCfg = Debug|Any CPU
		{3A8CAE9D-3C7E-4223-93CE-E3729992709D}.Debug|Any CPU.Build.0 = Debug|Any CPU
		{3A8CAE9D-3C7E-4223-93CE-E3729992709D}.Release|Any CPU.ActiveCfg = Release|Any CPU
		{3A8CAE9D-3C7E-4223-93CE-E3729992709D}.Release|Any CPU.Build.0 = Release|Any CPU
		{2376F735-CB13-42CE-97B4-04CD279D7369}.Debug|Any CPU.ActiveCfg = Debug|Any CPU
		{2376F735-CB13-42CE-97B4-04CD279D7369}.Debug|Any CPU.Build.0 = Debug|Any CPU
		{2376F735-CB13-42CE-97B4-04CD279D7369}.Release|Any CPU.ActiveCfg = Release|Any CPU
		{2376F735-CB13-42CE-97B4-04CD279D7369}.Release|Any CPU.Build.0 = Release|Any CPU
		{DBD9987E-23EC-4CC5-9462-21E122A0DEDE}.Debug|Any CPU.ActiveCfg = Debug|Any CPU
		{DBD9987E-23EC-4CC5-9462-21E122A0DEDE}.Debug|Any CPU.Build.0 = Debug|Any CPU
		{DBD9987E-23EC-4CC5-9462-21E122A0DEDE}.Release|Any CPU.ActiveCfg = Release|Any CPU
		{DBD9987E-23EC-4CC5-9462-21E122A0DEDE}.Release|Any CPU.Build.0 = Release|Any CPU
		{1CC7FF58-D260-46AC-932A-ED313AAA4230}.Debug|Any CPU.ActiveCfg = Debug|Any CPU
		{1CC7FF58-D260-46AC-932A-ED313AAA4230}.Debug|Any CPU.Build.0 = Debug|Any CPU
		{1CC7FF58-D260-46AC-932A-ED313AAA4230}.Release|Any CPU.ActiveCfg = Release|Any CPU
		{1CC7FF58-D260-46AC-932A-ED313AAA4230}.Release|Any CPU.Build.0 = Release|Any CPU
		{91832ECD-202C-4422-85A4-29C1746DAD58}.Debug|Any CPU.ActiveCfg = Debug|Any CPU
		{91832ECD-202C-4422-85A4-29C1746DAD58}.Debug|Any CPU.Build.0 = Debug|Any CPU
		{91832ECD-202C-4422-85A4-29C1746DAD58}.Release|Any CPU.ActiveCfg = Release|Any CPU
		{91832ECD-202C-4422-85A4-29C1746DAD58}.Release|Any CPU.Build.0 = Release|Any CPU
		{0299D239-A227-481E-9278-535230DB40D8}.Debug|Any CPU.ActiveCfg = Debug|Any CPU
		{0299D239-A227-481E-9278-535230DB40D8}.Debug|Any CPU.Build.0 = Debug|Any CPU
		{0299D239-A227-481E-9278-535230DB40D8}.Release|Any CPU.ActiveCfg = Release|Any CPU
		{0299D239-A227-481E-9278-535230DB40D8}.Release|Any CPU.Build.0 = Release|Any CPU
		{B359E13A-BDD0-4A6D-AA2A-3DF25E9C3217}.Debug|Any CPU.ActiveCfg = Debug|Any CPU
		{B359E13A-BDD0-4A6D-AA2A-3DF25E9C3217}.Debug|Any CPU.Build.0 = Debug|Any CPU
		{B359E13A-BDD0-4A6D-AA2A-3DF25E9C3217}.Release|Any CPU.ActiveCfg = Release|Any CPU
		{B359E13A-BDD0-4A6D-AA2A-3DF25E9C3217}.Release|Any CPU.Build.0 = Release|Any CPU
		{E4B5F35C-E0FC-42FD-B698-241C637B5103}.Debug|Any CPU.ActiveCfg = Debug|Any CPU
		{E4B5F35C-E0FC-42FD-B698-241C637B5103}.Debug|Any CPU.Build.0 = Debug|Any CPU
		{E4B5F35C-E0FC-42FD-B698-241C637B5103}.Release|Any CPU.ActiveCfg = Release|Any CPU
		{E4B5F35C-E0FC-42FD-B698-241C637B5103}.Release|Any CPU.Build.0 = Release|Any CPU
		{7AC20BEE-1847-40CB-94A7-AE9DC45A990D}.Debug|Any CPU.ActiveCfg = Debug|Any CPU
		{7AC20BEE-1847-40CB-94A7-AE9DC45A990D}.Debug|Any CPU.Build.0 = Debug|Any CPU
		{7AC20BEE-1847-40CB-94A7-AE9DC45A990D}.Release|Any CPU.ActiveCfg = Release|Any CPU
		{7AC20BEE-1847-40CB-94A7-AE9DC45A990D}.Release|Any CPU.Build.0 = Release|Any CPU
		{87319A69-6DC7-418E-943F-884984D31B99}.Debug|Any CPU.ActiveCfg = Debug|Any CPU
		{87319A69-6DC7-418E-943F-884984D31B99}.Debug|Any CPU.Build.0 = Debug|Any CPU
		{87319A69-6DC7-418E-943F-884984D31B99}.Release|Any CPU.ActiveCfg = Release|Any CPU
		{87319A69-6DC7-418E-943F-884984D31B99}.Release|Any CPU.Build.0 = Release|Any CPU
		{42D30FC2-F8FA-4804-825F-234B01AE7C7F}.Debug|Any CPU.ActiveCfg = Debug|Any CPU
		{42D30FC2-F8FA-4804-825F-234B01AE7C7F}.Debug|Any CPU.Build.0 = Debug|Any CPU
		{42D30FC2-F8FA-4804-825F-234B01AE7C7F}.Release|Any CPU.ActiveCfg = Release|Any CPU
		{42D30FC2-F8FA-4804-825F-234B01AE7C7F}.Release|Any CPU.Build.0 = Release|Any CPU
		{B99E45DD-ACF2-4D25-AB73-7B464E3234AD}.Debug|Any CPU.ActiveCfg = Debug|Any CPU
		{B99E45DD-ACF2-4D25-AB73-7B464E3234AD}.Debug|Any CPU.Build.0 = Debug|Any CPU
		{B99E45DD-ACF2-4D25-AB73-7B464E3234AD}.Release|Any CPU.ActiveCfg = Release|Any CPU
		{B99E45DD-ACF2-4D25-AB73-7B464E3234AD}.Release|Any CPU.Build.0 = Release|Any CPU
		{746894FF-57F0-44F4-A8A0-E03895CA7F5B}.Debug|Any CPU.ActiveCfg = Debug|Any CPU
		{746894FF-57F0-44F4-A8A0-E03895CA7F5B}.Debug|Any CPU.Build.0 = Debug|Any CPU
		{746894FF-57F0-44F4-A8A0-E03895CA7F5B}.Release|Any CPU.ActiveCfg = Release|Any CPU
		{746894FF-57F0-44F4-A8A0-E03895CA7F5B}.Release|Any CPU.Build.0 = Release|Any CPU
		{34A0B278-48D6-4FF1-8E99-B9DD4769D68C}.Debug|Any CPU.ActiveCfg = Debug|Any CPU
		{34A0B278-48D6-4FF1-8E99-B9DD4769D68C}.Debug|Any CPU.Build.0 = Debug|Any CPU
		{34A0B278-48D6-4FF1-8E99-B9DD4769D68C}.Release|Any CPU.ActiveCfg = Release|Any CPU
		{34A0B278-48D6-4FF1-8E99-B9DD4769D68C}.Release|Any CPU.Build.0 = Release|Any CPU
		{596CEC28-F9DF-4817-81D0-40B8C772B03D}.Debug|Any CPU.ActiveCfg = Debug|Any CPU
		{596CEC28-F9DF-4817-81D0-40B8C772B03D}.Debug|Any CPU.Build.0 = Debug|Any CPU
		{596CEC28-F9DF-4817-81D0-40B8C772B03D}.Release|Any CPU.ActiveCfg = Release|Any CPU
		{596CEC28-F9DF-4817-81D0-40B8C772B03D}.Release|Any CPU.Build.0 = Release|Any CPU
		{32C12248-A7A6-44C3-9B4F-8A1E9B46CBE0}.Debug|Any CPU.ActiveCfg = Debug|Any CPU
		{32C12248-A7A6-44C3-9B4F-8A1E9B46CBE0}.Debug|Any CPU.Build.0 = Debug|Any CPU
		{32C12248-A7A6-44C3-9B4F-8A1E9B46CBE0}.Release|Any CPU.ActiveCfg = Release|Any CPU
		{32C12248-A7A6-44C3-9B4F-8A1E9B46CBE0}.Release|Any CPU.Build.0 = Release|Any CPU
		{9BD67594-69A9-46D7-9F48-70D7D95DD95A}.Debug|Any CPU.ActiveCfg = Debug|Any CPU
		{9BD67594-69A9-46D7-9F48-70D7D95DD95A}.Debug|Any CPU.Build.0 = Debug|Any CPU
		{9BD67594-69A9-46D7-9F48-70D7D95DD95A}.Release|Any CPU.ActiveCfg = Release|Any CPU
		{9BD67594-69A9-46D7-9F48-70D7D95DD95A}.Release|Any CPU.Build.0 = Release|Any CPU
		{464F7635-F60B-4450-9785-FA7289706F86}.Debug|Any CPU.ActiveCfg = Debug|Any CPU
		{464F7635-F60B-4450-9785-FA7289706F86}.Debug|Any CPU.Build.0 = Debug|Any CPU
		{464F7635-F60B-4450-9785-FA7289706F86}.Release|Any CPU.ActiveCfg = Release|Any CPU
		{464F7635-F60B-4450-9785-FA7289706F86}.Release|Any CPU.Build.0 = Release|Any CPU
		{1CBC43D7-F35B-41C0-BC69-32BE41385FAD}.Debug|Any CPU.ActiveCfg = Debug|Any CPU
		{1CBC43D7-F35B-41C0-BC69-32BE41385FAD}.Debug|Any CPU.Build.0 = Debug|Any CPU
		{1CBC43D7-F35B-41C0-BC69-32BE41385FAD}.Release|Any CPU.ActiveCfg = Release|Any CPU
		{1CBC43D7-F35B-41C0-BC69-32BE41385FAD}.Release|Any CPU.Build.0 = Release|Any CPU
		{D3425675-579E-4F3A-BFED-5A85CF24613F}.Debug|Any CPU.ActiveCfg = Debug|Any CPU
		{D3425675-579E-4F3A-BFED-5A85CF24613F}.Debug|Any CPU.Build.0 = Debug|Any CPU
		{D3425675-579E-4F3A-BFED-5A85CF24613F}.Release|Any CPU.ActiveCfg = Release|Any CPU
		{D3425675-579E-4F3A-BFED-5A85CF24613F}.Release|Any CPU.Build.0 = Release|Any CPU
		{3C770B44-EA80-4D0E-83DE-B28F06D24CB8}.Debug|Any CPU.ActiveCfg = Debug|Any CPU
		{3C770B44-EA80-4D0E-83DE-B28F06D24CB8}.Debug|Any CPU.Build.0 = Debug|Any CPU
		{3C770B44-EA80-4D0E-83DE-B28F06D24CB8}.Release|Any CPU.ActiveCfg = Release|Any CPU
		{3C770B44-EA80-4D0E-83DE-B28F06D24CB8}.Release|Any CPU.Build.0 = Release|Any CPU
		{9AFF1210-6DD5-4E2E-9D50-329DDB1D1A8A}.Debug|Any CPU.ActiveCfg = Debug|Any CPU
		{9AFF1210-6DD5-4E2E-9D50-329DDB1D1A8A}.Debug|Any CPU.Build.0 = Debug|Any CPU
		{9AFF1210-6DD5-4E2E-9D50-329DDB1D1A8A}.Release|Any CPU.ActiveCfg = Release|Any CPU
		{9AFF1210-6DD5-4E2E-9D50-329DDB1D1A8A}.Release|Any CPU.Build.0 = Release|Any CPU
		{CC8D6BD6-6B6C-4265-B50F-0ADD5BC7E856}.Debug|Any CPU.ActiveCfg = Debug|Any CPU
		{CC8D6BD6-6B6C-4265-B50F-0ADD5BC7E856}.Debug|Any CPU.Build.0 = Debug|Any CPU
		{CC8D6BD6-6B6C-4265-B50F-0ADD5BC7E856}.Release|Any CPU.ActiveCfg = Release|Any CPU
		{CC8D6BD6-6B6C-4265-B50F-0ADD5BC7E856}.Release|Any CPU.Build.0 = Release|Any CPU
		{4D7A29C4-AFEA-444B-8D5E-70E1404ABA88}.Debug|Any CPU.ActiveCfg = Debug|Any CPU
		{4D7A29C4-AFEA-444B-8D5E-70E1404ABA88}.Debug|Any CPU.Build.0 = Debug|Any CPU
		{4D7A29C4-AFEA-444B-8D5E-70E1404ABA88}.Release|Any CPU.ActiveCfg = Release|Any CPU
		{4D7A29C4-AFEA-444B-8D5E-70E1404ABA88}.Release|Any CPU.Build.0 = Release|Any CPU
		{7EAD9D11-699D-425A-AC0D-872A78D1CC27}.Debug|Any CPU.ActiveCfg = Debug|Any CPU
		{7EAD9D11-699D-425A-AC0D-872A78D1CC27}.Debug|Any CPU.Build.0 = Debug|Any CPU
		{7EAD9D11-699D-425A-AC0D-872A78D1CC27}.Release|Any CPU.ActiveCfg = Release|Any CPU
		{7EAD9D11-699D-425A-AC0D-872A78D1CC27}.Release|Any CPU.Build.0 = Release|Any CPU
		{1633E1AB-974C-4A4F-8DC6-21928FAC0DA4}.Debug|Any CPU.ActiveCfg = Debug|Any CPU
		{1633E1AB-974C-4A4F-8DC6-21928FAC0DA4}.Debug|Any CPU.Build.0 = Debug|Any CPU
		{1633E1AB-974C-4A4F-8DC6-21928FAC0DA4}.Release|Any CPU.ActiveCfg = Release|Any CPU
		{1633E1AB-974C-4A4F-8DC6-21928FAC0DA4}.Release|Any CPU.Build.0 = Release|Any CPU
		{F6E8DC48-C3F2-4034-ABA3-6D4D1FB86FF5}.Debug|Any CPU.ActiveCfg = Debug|Any CPU
		{F6E8DC48-C3F2-4034-ABA3-6D4D1FB86FF5}.Debug|Any CPU.Build.0 = Debug|Any CPU
		{F6E8DC48-C3F2-4034-ABA3-6D4D1FB86FF5}.Release|Any CPU.ActiveCfg = Release|Any CPU
		{F6E8DC48-C3F2-4034-ABA3-6D4D1FB86FF5}.Release|Any CPU.Build.0 = Release|Any CPU
		{6FF4D9AC-EBD6-4FD9-85C8-AA3BFE06917D}.Debug|Any CPU.ActiveCfg = Debug|Any CPU
		{6FF4D9AC-EBD6-4FD9-85C8-AA3BFE06917D}.Debug|Any CPU.Build.0 = Debug|Any CPU
		{6FF4D9AC-EBD6-4FD9-85C8-AA3BFE06917D}.Release|Any CPU.ActiveCfg = Release|Any CPU
		{6FF4D9AC-EBD6-4FD9-85C8-AA3BFE06917D}.Release|Any CPU.Build.0 = Release|Any CPU
		{E8C36CCA-AF54-4392-9C9D-D51DA3E6B19A}.Debug|Any CPU.ActiveCfg = Debug|Any CPU
		{E8C36CCA-AF54-4392-9C9D-D51DA3E6B19A}.Debug|Any CPU.Build.0 = Debug|Any CPU
		{E8C36CCA-AF54-4392-9C9D-D51DA3E6B19A}.Release|Any CPU.ActiveCfg = Release|Any CPU
		{E8C36CCA-AF54-4392-9C9D-D51DA3E6B19A}.Release|Any CPU.Build.0 = Release|Any CPU
		{23B7B9DA-0B39-470E-A490-A54C6DBDFB45}.Debug|Any CPU.ActiveCfg = Debug|Any CPU
		{23B7B9DA-0B39-470E-A490-A54C6DBDFB45}.Debug|Any CPU.Build.0 = Debug|Any CPU
		{23B7B9DA-0B39-470E-A490-A54C6DBDFB45}.Release|Any CPU.ActiveCfg = Release|Any CPU
		{23B7B9DA-0B39-470E-A490-A54C6DBDFB45}.Release|Any CPU.Build.0 = Release|Any CPU
		{7D0541BA-A7C2-42BF-9E30-31776A8C155C}.Debug|Any CPU.ActiveCfg = Debug|Any CPU
		{7D0541BA-A7C2-42BF-9E30-31776A8C155C}.Debug|Any CPU.Build.0 = Debug|Any CPU
		{7D0541BA-A7C2-42BF-9E30-31776A8C155C}.Release|Any CPU.ActiveCfg = Release|Any CPU
		{7D0541BA-A7C2-42BF-9E30-31776A8C155C}.Release|Any CPU.Build.0 = Release|Any CPU
		{9DB95D23-F0E3-491E-8E40-3ABB6DAFB925}.Debug|Any CPU.ActiveCfg = Debug|Any CPU
		{9DB95D23-F0E3-491E-8E40-3ABB6DAFB925}.Debug|Any CPU.Build.0 = Debug|Any CPU
		{9DB95D23-F0E3-491E-8E40-3ABB6DAFB925}.Release|Any CPU.ActiveCfg = Release|Any CPU
		{9DB95D23-F0E3-491E-8E40-3ABB6DAFB925}.Release|Any CPU.Build.0 = Release|Any CPU
		{804EFD3A-11FC-4352-BDFD-670BDD4A9767}.Debug|Any CPU.ActiveCfg = Debug|Any CPU
		{804EFD3A-11FC-4352-BDFD-670BDD4A9767}.Debug|Any CPU.Build.0 = Debug|Any CPU
		{804EFD3A-11FC-4352-BDFD-670BDD4A9767}.Release|Any CPU.ActiveCfg = Release|Any CPU
		{804EFD3A-11FC-4352-BDFD-670BDD4A9767}.Release|Any CPU.Build.0 = Release|Any CPU
		{AA228E5C-F1DE-4EB9-B7C5-7C269802477E}.Debug|Any CPU.ActiveCfg = Debug|Any CPU
		{AA228E5C-F1DE-4EB9-B7C5-7C269802477E}.Debug|Any CPU.Build.0 = Debug|Any CPU
		{AA228E5C-F1DE-4EB9-B7C5-7C269802477E}.Release|Any CPU.ActiveCfg = Release|Any CPU
		{AA228E5C-F1DE-4EB9-B7C5-7C269802477E}.Release|Any CPU.Build.0 = Release|Any CPU
		{9F2ECD6C-BDB1-4D49-8A91-8AF386021E56}.Debug|Any CPU.ActiveCfg = Debug|Any CPU
		{9F2ECD6C-BDB1-4D49-8A91-8AF386021E56}.Debug|Any CPU.Build.0 = Debug|Any CPU
		{9F2ECD6C-BDB1-4D49-8A91-8AF386021E56}.Release|Any CPU.ActiveCfg = Release|Any CPU
		{9F2ECD6C-BDB1-4D49-8A91-8AF386021E56}.Release|Any CPU.Build.0 = Release|Any CPU
		{B19AF7B5-A215-4B6C-BB8D-923671ECF8CC}.Debug|Any CPU.ActiveCfg = Debug|Any CPU
		{B19AF7B5-A215-4B6C-BB8D-923671ECF8CC}.Debug|Any CPU.Build.0 = Debug|Any CPU
		{B19AF7B5-A215-4B6C-BB8D-923671ECF8CC}.Release|Any CPU.ActiveCfg = Release|Any CPU
		{B19AF7B5-A215-4B6C-BB8D-923671ECF8CC}.Release|Any CPU.Build.0 = Release|Any CPU
		{12D4AE73-6EE3-45B4-B077-8B8EADD5B24D}.Debug|Any CPU.ActiveCfg = Debug|Any CPU
		{12D4AE73-6EE3-45B4-B077-8B8EADD5B24D}.Debug|Any CPU.Build.0 = Debug|Any CPU
		{12D4AE73-6EE3-45B4-B077-8B8EADD5B24D}.Release|Any CPU.ActiveCfg = Release|Any CPU
		{12D4AE73-6EE3-45B4-B077-8B8EADD5B24D}.Release|Any CPU.Build.0 = Release|Any CPU
		{1B8B9A8D-E84B-44F7-AC69-37E926248EE1}.Debug|Any CPU.ActiveCfg = Debug|Any CPU
		{1B8B9A8D-E84B-44F7-AC69-37E926248EE1}.Debug|Any CPU.Build.0 = Debug|Any CPU
		{1B8B9A8D-E84B-44F7-AC69-37E926248EE1}.Release|Any CPU.ActiveCfg = Release|Any CPU
		{1B8B9A8D-E84B-44F7-AC69-37E926248EE1}.Release|Any CPU.Build.0 = Release|Any CPU
		{60D8B937-F246-448C-9641-43DBAA7010AC}.Debug|Any CPU.ActiveCfg = Debug|Any CPU
		{60D8B937-F246-448C-9641-43DBAA7010AC}.Debug|Any CPU.Build.0 = Debug|Any CPU
		{60D8B937-F246-448C-9641-43DBAA7010AC}.Release|Any CPU.ActiveCfg = Release|Any CPU
		{60D8B937-F246-448C-9641-43DBAA7010AC}.Release|Any CPU.Build.0 = Release|Any CPU
		{6DB197D6-37EA-44AE-BABD-187B47DCA30E}.Debug|Any CPU.ActiveCfg = Debug|Any CPU
		{6DB197D6-37EA-44AE-BABD-187B47DCA30E}.Debug|Any CPU.Build.0 = Debug|Any CPU
		{6DB197D6-37EA-44AE-BABD-187B47DCA30E}.Release|Any CPU.ActiveCfg = Release|Any CPU
		{6DB197D6-37EA-44AE-BABD-187B47DCA30E}.Release|Any CPU.Build.0 = Release|Any CPU
		{0387CD42-9FD6-4231-AEAD-12F231918407}.Debug|Any CPU.ActiveCfg = Debug|Any CPU
		{0387CD42-9FD6-4231-AEAD-12F231918407}.Debug|Any CPU.Build.0 = Debug|Any CPU
		{0387CD42-9FD6-4231-AEAD-12F231918407}.Release|Any CPU.ActiveCfg = Release|Any CPU
		{0387CD42-9FD6-4231-AEAD-12F231918407}.Release|Any CPU.Build.0 = Release|Any CPU
		{582B8C0E-CEB5-49D8-B333-68A6BAE5F2EE}.Debug|Any CPU.ActiveCfg = Debug|Any CPU
		{582B8C0E-CEB5-49D8-B333-68A6BAE5F2EE}.Debug|Any CPU.Build.0 = Debug|Any CPU
		{582B8C0E-CEB5-49D8-B333-68A6BAE5F2EE}.Release|Any CPU.ActiveCfg = Release|Any CPU
		{582B8C0E-CEB5-49D8-B333-68A6BAE5F2EE}.Release|Any CPU.Build.0 = Release|Any CPU
		{E9518B10-0266-4CE0-9B18-985B07CF8CF6}.Debug|Any CPU.ActiveCfg = Debug|Any CPU
		{E9518B10-0266-4CE0-9B18-985B07CF8CF6}.Debug|Any CPU.Build.0 = Debug|Any CPU
		{E9518B10-0266-4CE0-9B18-985B07CF8CF6}.Release|Any CPU.ActiveCfg = Release|Any CPU
		{E9518B10-0266-4CE0-9B18-985B07CF8CF6}.Release|Any CPU.Build.0 = Release|Any CPU
		{EB54CB90-33A2-4C19-B142-AE91CA9CD221}.Debug|Any CPU.ActiveCfg = Debug|Any CPU
		{EB54CB90-33A2-4C19-B142-AE91CA9CD221}.Debug|Any CPU.Build.0 = Debug|Any CPU
		{EB54CB90-33A2-4C19-B142-AE91CA9CD221}.Release|Any CPU.ActiveCfg = Release|Any CPU
		{EB54CB90-33A2-4C19-B142-AE91CA9CD221}.Release|Any CPU.Build.0 = Release|Any CPU
		{EA4FB9B1-30A3-4BE6-9EBE-3D79528A7F06}.Debug|Any CPU.ActiveCfg = Debug|Any CPU
		{EA4FB9B1-30A3-4BE6-9EBE-3D79528A7F06}.Debug|Any CPU.Build.0 = Debug|Any CPU
		{EA4FB9B1-30A3-4BE6-9EBE-3D79528A7F06}.Release|Any CPU.ActiveCfg = Release|Any CPU
		{EA4FB9B1-30A3-4BE6-9EBE-3D79528A7F06}.Release|Any CPU.Build.0 = Release|Any CPU
		{7BB97D78-3197-41E7-8990-D332EFE33D89}.Debug|Any CPU.ActiveCfg = Debug|Any CPU
		{7BB97D78-3197-41E7-8990-D332EFE33D89}.Debug|Any CPU.Build.0 = Debug|Any CPU
		{7BB97D78-3197-41E7-8990-D332EFE33D89}.Release|Any CPU.ActiveCfg = Release|Any CPU
		{7BB97D78-3197-41E7-8990-D332EFE33D89}.Release|Any CPU.Build.0 = Release|Any CPU
		{3D5C0E95-EA05-4950-A5DE-844E2150B20A}.Debug|Any CPU.ActiveCfg = Debug|Any CPU
		{3D5C0E95-EA05-4950-A5DE-844E2150B20A}.Debug|Any CPU.Build.0 = Debug|Any CPU
		{3D5C0E95-EA05-4950-A5DE-844E2150B20A}.Release|Any CPU.ActiveCfg = Release|Any CPU
		{3D5C0E95-EA05-4950-A5DE-844E2150B20A}.Release|Any CPU.Build.0 = Release|Any CPU
		{36425D22-29FD-47D5-878E-B686C557D903}.Debug|Any CPU.ActiveCfg = Debug|Any CPU
		{36425D22-29FD-47D5-878E-B686C557D903}.Debug|Any CPU.Build.0 = Debug|Any CPU
		{36425D22-29FD-47D5-878E-B686C557D903}.Release|Any CPU.ActiveCfg = Release|Any CPU
		{36425D22-29FD-47D5-878E-B686C557D903}.Release|Any CPU.Build.0 = Release|Any CPU
		{F54FA452-55A8-472D-A029-944FBADE80B0}.Debug|Any CPU.ActiveCfg = Debug|Any CPU
		{F54FA452-55A8-472D-A029-944FBADE80B0}.Debug|Any CPU.Build.0 = Debug|Any CPU
		{F54FA452-55A8-472D-A029-944FBADE80B0}.Release|Any CPU.ActiveCfg = Release|Any CPU
		{F54FA452-55A8-472D-A029-944FBADE80B0}.Release|Any CPU.Build.0 = Release|Any CPU
		{68D0C200-7320-45D7-AF43-756877B8FCB8}.Debug|Any CPU.ActiveCfg = Debug|Any CPU
		{68D0C200-7320-45D7-AF43-756877B8FCB8}.Debug|Any CPU.Build.0 = Debug|Any CPU
		{68D0C200-7320-45D7-AF43-756877B8FCB8}.Release|Any CPU.ActiveCfg = Release|Any CPU
		{68D0C200-7320-45D7-AF43-756877B8FCB8}.Release|Any CPU.Build.0 = Release|Any CPU
		{1E369E97-862C-4AC5-BC1C-752ADD3F8CAB}.Debug|Any CPU.ActiveCfg = Debug|Any CPU
		{1E369E97-862C-4AC5-BC1C-752ADD3F8CAB}.Debug|Any CPU.Build.0 = Debug|Any CPU
		{1E369E97-862C-4AC5-BC1C-752ADD3F8CAB}.Release|Any CPU.ActiveCfg = Release|Any CPU
		{1E369E97-862C-4AC5-BC1C-752ADD3F8CAB}.Release|Any CPU.Build.0 = Release|Any CPU
		{9A5DE3CA-A2E5-42F7-8615-B8CE1331B0BB}.Debug|Any CPU.ActiveCfg = Debug|Any CPU
		{9A5DE3CA-A2E5-42F7-8615-B8CE1331B0BB}.Debug|Any CPU.Build.0 = Debug|Any CPU
		{9A5DE3CA-A2E5-42F7-8615-B8CE1331B0BB}.Release|Any CPU.ActiveCfg = Release|Any CPU
		{9A5DE3CA-A2E5-42F7-8615-B8CE1331B0BB}.Release|Any CPU.Build.0 = Release|Any CPU
		{EE291246-1591-4787-B400-855DC0302AA4}.Debug|Any CPU.ActiveCfg = Debug|Any CPU
		{EE291246-1591-4787-B400-855DC0302AA4}.Debug|Any CPU.Build.0 = Debug|Any CPU
		{EE291246-1591-4787-B400-855DC0302AA4}.Release|Any CPU.ActiveCfg = Release|Any CPU
		{EE291246-1591-4787-B400-855DC0302AA4}.Release|Any CPU.Build.0 = Release|Any CPU
		{B6038789-ACE6-4438-9666-F600FCDEFF0F}.Debug|Any CPU.ActiveCfg = Debug|Any CPU
		{B6038789-ACE6-4438-9666-F600FCDEFF0F}.Debug|Any CPU.Build.0 = Debug|Any CPU
		{B6038789-ACE6-4438-9666-F600FCDEFF0F}.Release|Any CPU.ActiveCfg = Release|Any CPU
		{B6038789-ACE6-4438-9666-F600FCDEFF0F}.Release|Any CPU.Build.0 = Release|Any CPU
		{3934A35C-9B57-45E4-A577-01B4064FAC8E}.Debug|Any CPU.ActiveCfg = Debug|Any CPU
		{3934A35C-9B57-45E4-A577-01B4064FAC8E}.Debug|Any CPU.Build.0 = Debug|Any CPU
		{3934A35C-9B57-45E4-A577-01B4064FAC8E}.Release|Any CPU.ActiveCfg = Release|Any CPU
		{3934A35C-9B57-45E4-A577-01B4064FAC8E}.Release|Any CPU.Build.0 = Release|Any CPU
		{617B5A82-159F-4101-89E5-D0E3B5BFF069}.Debug|Any CPU.ActiveCfg = Debug|Any CPU
		{617B5A82-159F-4101-89E5-D0E3B5BFF069}.Debug|Any CPU.Build.0 = Debug|Any CPU
		{617B5A82-159F-4101-89E5-D0E3B5BFF069}.Release|Any CPU.ActiveCfg = Release|Any CPU
		{617B5A82-159F-4101-89E5-D0E3B5BFF069}.Release|Any CPU.Build.0 = Release|Any CPU
		{9D90AA3E-28F5-4035-A5A0-84010343BEBE}.Debug|Any CPU.ActiveCfg = Debug|Any CPU
		{9D90AA3E-28F5-4035-A5A0-84010343BEBE}.Debug|Any CPU.Build.0 = Debug|Any CPU
		{9D90AA3E-28F5-4035-A5A0-84010343BEBE}.Release|Any CPU.ActiveCfg = Release|Any CPU
		{9D90AA3E-28F5-4035-A5A0-84010343BEBE}.Release|Any CPU.Build.0 = Release|Any CPU
		{E480D1B6-B4BC-4468-BF2C-314C0DCFBC67}.Debug|Any CPU.ActiveCfg = Debug|Any CPU
		{E480D1B6-B4BC-4468-BF2C-314C0DCFBC67}.Debug|Any CPU.Build.0 = Debug|Any CPU
		{E480D1B6-B4BC-4468-BF2C-314C0DCFBC67}.Release|Any CPU.ActiveCfg = Release|Any CPU
		{E480D1B6-B4BC-4468-BF2C-314C0DCFBC67}.Release|Any CPU.Build.0 = Release|Any CPU
		{75D84FB4-C22D-470D-B212-3A7D82C838E8}.Debug|Any CPU.ActiveCfg = Debug|Any CPU
		{75D84FB4-C22D-470D-B212-3A7D82C838E8}.Debug|Any CPU.Build.0 = Debug|Any CPU
		{75D84FB4-C22D-470D-B212-3A7D82C838E8}.Release|Any CPU.ActiveCfg = Release|Any CPU
		{75D84FB4-C22D-470D-B212-3A7D82C838E8}.Release|Any CPU.Build.0 = Release|Any CPU
		{9152E32C-FB04-4B00-9591-967FF7CEE422}.Debug|Any CPU.ActiveCfg = Debug|Any CPU
		{9152E32C-FB04-4B00-9591-967FF7CEE422}.Debug|Any CPU.Build.0 = Debug|Any CPU
		{9152E32C-FB04-4B00-9591-967FF7CEE422}.Release|Any CPU.ActiveCfg = Release|Any CPU
		{9152E32C-FB04-4B00-9591-967FF7CEE422}.Release|Any CPU.Build.0 = Release|Any CPU
		{364B9061-33D4-4180-AE6F-BBFB9C3BE08F}.Debug|Any CPU.ActiveCfg = Debug|Any CPU
		{364B9061-33D4-4180-AE6F-BBFB9C3BE08F}.Debug|Any CPU.Build.0 = Debug|Any CPU
		{364B9061-33D4-4180-AE6F-BBFB9C3BE08F}.Release|Any CPU.ActiveCfg = Release|Any CPU
		{364B9061-33D4-4180-AE6F-BBFB9C3BE08F}.Release|Any CPU.Build.0 = Release|Any CPU
		{D373DC70-37CB-4F5A-9D36-1F3E0075E150}.Debug|Any CPU.ActiveCfg = Debug|Any CPU
		{D373DC70-37CB-4F5A-9D36-1F3E0075E150}.Debug|Any CPU.Build.0 = Debug|Any CPU
		{D373DC70-37CB-4F5A-9D36-1F3E0075E150}.Release|Any CPU.ActiveCfg = Release|Any CPU
		{D373DC70-37CB-4F5A-9D36-1F3E0075E150}.Release|Any CPU.Build.0 = Release|Any CPU
		{AB3B9DB8-D5EA-4AD6-B8D0-0FE72A68FEC1}.Debug|Any CPU.ActiveCfg = Debug|Any CPU
		{AB3B9DB8-D5EA-4AD6-B8D0-0FE72A68FEC1}.Debug|Any CPU.Build.0 = Debug|Any CPU
		{AB3B9DB8-D5EA-4AD6-B8D0-0FE72A68FEC1}.Release|Any CPU.ActiveCfg = Release|Any CPU
		{AB3B9DB8-D5EA-4AD6-B8D0-0FE72A68FEC1}.Release|Any CPU.Build.0 = Release|Any CPU
	EndGlobalSection
	GlobalSection(SolutionProperties) = preSolution
		HideSolutionNode = FALSE
	EndGlobalSection
	GlobalSection(NestedProjects) = preSolution
		{7AC20BEE-1847-40CB-94A7-AE9DC45A990D} = {7D6BFBCB-39AA-47E0-A69A-59917DE225B1}
		{87319A69-6DC7-418E-943F-884984D31B99} = {013473AF-C288-4484-B588-D8D3D60DCC22}
		{42D30FC2-F8FA-4804-825F-234B01AE7C7F} = {013473AF-C288-4484-B588-D8D3D60DCC22}
		{B99E45DD-ACF2-4D25-AB73-7B464E3234AD} = {013473AF-C288-4484-B588-D8D3D60DCC22}
		{746894FF-57F0-44F4-A8A0-E03895CA7F5B} = {013473AF-C288-4484-B588-D8D3D60DCC22}
		{34A0B278-48D6-4FF1-8E99-B9DD4769D68C} = {013473AF-C288-4484-B588-D8D3D60DCC22}
		{596CEC28-F9DF-4817-81D0-40B8C772B03D} = {013473AF-C288-4484-B588-D8D3D60DCC22}
		{32C12248-A7A6-44C3-9B4F-8A1E9B46CBE0} = {013473AF-C288-4484-B588-D8D3D60DCC22}
		{9AFF1210-6DD5-4E2E-9D50-329DDB1D1A8A} = {7D6BFBCB-39AA-47E0-A69A-59917DE225B1}
		{CC8D6BD6-6B6C-4265-B50F-0ADD5BC7E856} = {013473AF-C288-4484-B588-D8D3D60DCC22}
		{4D7A29C4-AFEA-444B-8D5E-70E1404ABA88} = {013473AF-C288-4484-B588-D8D3D60DCC22}
		{7EAD9D11-699D-425A-AC0D-872A78D1CC27} = {013473AF-C288-4484-B588-D8D3D60DCC22}
		{1633E1AB-974C-4A4F-8DC6-21928FAC0DA4} = {013473AF-C288-4484-B588-D8D3D60DCC22}
		{F6E8DC48-C3F2-4034-ABA3-6D4D1FB86FF5} = {013473AF-C288-4484-B588-D8D3D60DCC22}
		{6FF4D9AC-EBD6-4FD9-85C8-AA3BFE06917D} = {013473AF-C288-4484-B588-D8D3D60DCC22}
		{E8C36CCA-AF54-4392-9C9D-D51DA3E6B19A} = {7D6BFBCB-39AA-47E0-A69A-59917DE225B1}
		{23B7B9DA-0B39-470E-A490-A54C6DBDFB45} = {013473AF-C288-4484-B588-D8D3D60DCC22}
		{7D0541BA-A7C2-42BF-9E30-31776A8C155C} = {013473AF-C288-4484-B588-D8D3D60DCC22}
		{9DB95D23-F0E3-491E-8E40-3ABB6DAFB925} = {013473AF-C288-4484-B588-D8D3D60DCC22}
		{AA228E5C-F1DE-4EB9-B7C5-7C269802477E} = {013473AF-C288-4484-B588-D8D3D60DCC22}
		{9F2ECD6C-BDB1-4D49-8A91-8AF386021E56} = {013473AF-C288-4484-B588-D8D3D60DCC22}
		{B19AF7B5-A215-4B6C-BB8D-923671ECF8CC} = {013473AF-C288-4484-B588-D8D3D60DCC22}
		{12D4AE73-6EE3-45B4-B077-8B8EADD5B24D} = {013473AF-C288-4484-B588-D8D3D60DCC22}
		{1B8B9A8D-E84B-44F7-AC69-37E926248EE1} = {013473AF-C288-4484-B588-D8D3D60DCC22}
		{60D8B937-F246-448C-9641-43DBAA7010AC} = {013473AF-C288-4484-B588-D8D3D60DCC22}
		{6DB197D6-37EA-44AE-BABD-187B47DCA30E} = {013473AF-C288-4484-B588-D8D3D60DCC22}
		{0387CD42-9FD6-4231-AEAD-12F231918407} = {013473AF-C288-4484-B588-D8D3D60DCC22}
		{582B8C0E-CEB5-49D8-B333-68A6BAE5F2EE} = {013473AF-C288-4484-B588-D8D3D60DCC22}
		{E9518B10-0266-4CE0-9B18-985B07CF8CF6} = {013473AF-C288-4484-B588-D8D3D60DCC22}
		{EB54CB90-33A2-4C19-B142-AE91CA9CD221} = {013473AF-C288-4484-B588-D8D3D60DCC22}
		{EA4FB9B1-30A3-4BE6-9EBE-3D79528A7F06} = {013473AF-C288-4484-B588-D8D3D60DCC22}
		{7BB97D78-3197-41E7-8990-D332EFE33D89} = {013473AF-C288-4484-B588-D8D3D60DCC22}
		{3D5C0E95-EA05-4950-A5DE-844E2150B20A} = {013473AF-C288-4484-B588-D8D3D60DCC22}
		{36425D22-29FD-47D5-878E-B686C557D903} = {013473AF-C288-4484-B588-D8D3D60DCC22}
		{F54FA452-55A8-472D-A029-944FBADE80B0} = {7D6BFBCB-39AA-47E0-A69A-59917DE225B1}
		{68D0C200-7320-45D7-AF43-756877B8FCB8} = {FB69841E-161A-4513-BA38-08F72DE15535}
		{1E369E97-862C-4AC5-BC1C-752ADD3F8CAB} = {774DF56E-4A94-4A8C-8E29-56556C00B496}
		{9A5DE3CA-A2E5-42F7-8615-B8CE1331B0BB} = {774DF56E-4A94-4A8C-8E29-56556C00B496}
		{EE291246-1591-4787-B400-855DC0302AA4} = {774DF56E-4A94-4A8C-8E29-56556C00B496}
		{B6038789-ACE6-4438-9666-F600FCDEFF0F} = {FB69841E-161A-4513-BA38-08F72DE15535}
		{3934A35C-9B57-45E4-A577-01B4064FAC8E} = {013473AF-C288-4484-B588-D8D3D60DCC22}
		{617B5A82-159F-4101-89E5-D0E3B5BFF069} = {774DF56E-4A94-4A8C-8E29-56556C00B496}
		{9D90AA3E-28F5-4035-A5A0-84010343BEBE} = {013473AF-C288-4484-B588-D8D3D60DCC22}
		{E480D1B6-B4BC-4468-BF2C-314C0DCFBC67} = {013473AF-C288-4484-B588-D8D3D60DCC22}
		{75D84FB4-C22D-470D-B212-3A7D82C838E8} = {013473AF-C288-4484-B588-D8D3D60DCC22}
		{9152E32C-FB04-4B00-9591-967FF7CEE422} = {013473AF-C288-4484-B588-D8D3D60DCC22}
		{364B9061-33D4-4180-AE6F-BBFB9C3BE08F} = {013473AF-C288-4484-B588-D8D3D60DCC22}
		{D373DC70-37CB-4F5A-9D36-1F3E0075E150} = {013473AF-C288-4484-B588-D8D3D60DCC22}
		{AB3B9DB8-D5EA-4AD6-B8D0-0FE72A68FEC1} = {774DF56E-4A94-4A8C-8E29-56556C00B496}
	EndGlobalSection
	GlobalSection(ExtensibilityGlobals) = postSolution
		SolutionGuid = {2850DFE7-8AB8-4A7E-9EF7-D6207A1FF263}
		VisualSVNWorkingCopyRoot = .
	EndGlobalSection
EndGlobal
